<Solution>
  <Project Path="GoldSystemSolutions.Application/GoldSystemSolutions.Application.csproj" Id="7c7029af-1c37-4d44-90f0-57d6ff9fbe75" />
  <Project Path="GoldSystemSolutions.Domain/GoldSystemSolutions.Domain.csproj" Id="75953d9f-3f75-40c6-b3d6-6fbf2b0b0785" />
  <Project Path="GoldSystemSolutions.Infra.Data/GoldSystemSolutions.Infra.Data.csproj" Id="3f39a29a-5d0d-4771-a3fb-490f481bb6e9" />
  <Project Path="GoldSystemSolutions.Infra.IoC/GoldSystemSolutions.Infra.IoC.csproj" Id="f0e25cf4-23ba-466f-8d05-822ea4cafc73" />
  <Project Path="GoldSystemSolutions.WebUI/GoldSystemSolutions.WebUI.csproj" Id="94ddc8c2-8b2b-44c0-8d44-fad4a5df3ebc" />
</Solution>
